
Microsoft Visual Studio Solution File, Format Version 12.00
# Visual Studio 14
VisualStudioVersion = 14.0.24720.0
MinimumVisualStudioVersion = 10.0.40219.1
Project("{FAE04EC0-301F-11D3-BF4B-00C04F79EFBC}") = "ParkMeMobile.Android", "ParkMeMobile.Android\ParkMeMobile.Android.csproj", "{4A705278-1CAB-4CC8-85B9-949F80284756}"
EndProject
Project("{FAE04EC0-301F-11D3-BF4B-00C04F79EFBC}") = "ParkMeMobile.iOS.iPad", "ParkMeMobile.iOS.iPad\ParkMeMobile.iOS.iPad.csproj", "{99F2E774-2204-4914-A925-7B89C131DCCD}"
EndProject
Global
	GlobalSection(SolutionConfigurationPlatforms) = preSolution
		Ad-Hoc|Any CPU = Ad-Hoc|Any CPU
		Ad-Hoc|iPhone = Ad-Hoc|iPhone
		Ad-Hoc|iPhoneSimulator = Ad-Hoc|iPhoneSimulator
		AppStore|Any CPU = AppStore|Any CPU
		AppStore|iPhone = AppStore|iPhone
		AppStore|iPhoneSimulator = AppStore|iPhoneSimulator
		Debug|Any CPU = Debug|Any CPU
		Debug|iPhone = Debug|iPhone
		Debug|iPhoneSimulator = Debug|iPhoneSimulator
		Release|Any CPU = Release|Any CPU
		Release|iPhone = Release|iPhone
		Release|iPhoneSimulator = Release|iPhoneSimulator
	EndGlobalSection
	GlobalSection(ProjectConfigurationPlatforms) = postSolution
		{4A705278-1CAB-4CC8-85B9-949F80284756}.Ad-Hoc|Any CPU.ActiveCfg = Release|Any CPU
		{4A705278-1CAB-4CC8-85B9-949F80284756}.Ad-Hoc|Any CPU.Build.0 = Release|Any CPU
		{4A705278-1CAB-4CC8-85B9-949F80284756}.Ad-Hoc|Any CPU.Deploy.0 = Release|Any CPU
		{4A705278-1CAB-4CC8-85B9-949F80284756}.Ad-Hoc|iPhone.ActiveCfg = Release|Any CPU
		{4A705278-1CAB-4CC8-85B9-949F80284756}.Ad-Hoc|iPhone.Build.0 = Release|Any CPU
		{4A705278-1CAB-4CC8-85B9-949F80284756}.Ad-Hoc|iPhone.Deploy.0 = Release|Any CPU
		{4A705278-1CAB-4CC8-85B9-949F80284756}.Ad-Hoc|iPhoneSimulator.ActiveCfg = Release|Any CPU
		{4A705278-1CAB-4CC8-85B9-949F80284756}.Ad-Hoc|iPhoneSimulator.Build.0 = Release|Any CPU
		{4A705278-1CAB-4CC8-85B9-949F80284756}.Ad-Hoc|iPhoneSimulator.Deploy.0 = Release|Any CPU
		{4A705278-1CAB-4CC8-85B9-949F80284756}.AppStore|Any CPU.ActiveCfg = Release|Any CPU
		{4A705278-1CAB-4CC8-85B9-949F80284756}.AppStore|Any CPU.Build.0 = Release|Any CPU
		{4A705278-1CAB-4CC8-85B9-949F80284756}.AppStore|Any CPU.Deploy.0 = Release|Any CPU
		{4A705278-1CAB-4CC8-85B9-949F80284756}.AppStore|iPhone.ActiveCfg = Release|Any CPU
		{4A705278-1CAB-4CC8-85B9-949F80284756}.AppStore|iPhone.Build.0 = Release|Any CPU
		{4A705278-1CAB-4CC8-85B9-949F80284756}.AppStore|iPhone.Deploy.0 = Release|Any CPU
		{4A705278-1CAB-4CC8-85B9-949F80284756}.AppStore|iPhoneSimulator.ActiveCfg = Release|Any CPU
		{4A705278-1CAB-4CC8-85B9-949F80284756}.AppStore|iPhoneSimulator.Build.0 = Release|Any CPU
		{4A705278-1CAB-4CC8-85B9-949F80284756}.AppStore|iPhoneSimulator.Deploy.0 = Release|Any CPU
		{4A705278-1CAB-4CC8-85B9-949F80284756}.Debug|Any CPU.ActiveCfg = Debug|Any CPU
		{4A705278-1CAB-4CC8-85B9-949F80284756}.Debug|Any CPU.Build.0 = Debug|Any CPU
		{4A705278-1CAB-4CC8-85B9-949F80284756}.Debug|Any CPU.Deploy.0 = Debug|Any CPU
		{4A705278-1CAB-4CC8-85B9-949F80284756}.Debug|iPhone.ActiveCfg = Debug|Any CPU
		{4A705278-1CAB-4CC8-85B9-949F80284756}.Debug|iPhone.Build.0 = Debug|Any CPU
		{4A705278-1CAB-4CC8-85B9-949F80284756}.Debug|iPhone.Deploy.0 = Debug|Any CPU
		{4A705278-1CAB-4CC8-85B9-949F80284756}.Debug|iPhoneSimulator.ActiveCfg = Debug|Any CPU
		{4A705278-1CAB-4CC8-85B9-949F80284756}.Debug|iPhoneSimulator.Build.0 = Debug|Any CPU
		{4A705278-1CAB-4CC8-85B9-949F80284756}.Debug|iPhoneSimulator.Deploy.0 = Debug|Any CPU
		{4A705278-1CAB-4CC8-85B9-949F80284756}.Release|Any CPU.ActiveCfg = Release|Any CPU
		{4A705278-1CAB-4CC8-85B9-949F80284756}.Release|Any CPU.Build.0 = Release|Any CPU
		{4A705278-1CAB-4CC8-85B9-949F80284756}.Release|Any CPU.Deploy.0 = Release|Any CPU
		{4A705278-1CAB-4CC8-85B9-949F80284756}.Release|iPhone.ActiveCfg = Release|Any CPU
		{4A705278-1CAB-4CC8-85B9-949F80284756}.Release|iPhone.Build.0 = Release|Any CPU
		{4A705278-1CAB-4CC8-85B9-949F80284756}.Release|iPhone.Deploy.0 = Release|Any CPU
		{4A705278-1CAB-4CC8-85B9-949F80284756}.Release|iPhoneSimulator.ActiveCfg = Release|Any CPU
		{4A705278-1CAB-4CC8-85B9-949F80284756}.Release|iPhoneSimulator.Build.0 = Release|Any CPU
		{4A705278-1CAB-4CC8-85B9-949F80284756}.Release|iPhoneSimulator.Deploy.0 = Release|Any CPU
		{99F2E774-2204-4914-A925-7B89C131DCCD}.Ad-Hoc|Any CPU.ActiveCfg = Ad-Hoc|iPhone
		{99F2E774-2204-4914-A925-7B89C131DCCD}.Ad-Hoc|iPhone.ActiveCfg = Ad-Hoc|iPhone
		{99F2E774-2204-4914-A925-7B89C131DCCD}.Ad-Hoc|iPhone.Build.0 = Ad-Hoc|iPhone
		{99F2E774-2204-4914-A925-7B89C131DCCD}.Ad-Hoc|iPhoneSimulator.ActiveCfg = Ad-Hoc|iPhoneSimulator
		{99F2E774-2204-4914-A925-7B89C131DCCD}.Ad-Hoc|iPhoneSimulator.Build.0 = Ad-Hoc|iPhoneSimulator
		{99F2E774-2204-4914-A925-7B89C131DCCD}.AppStore|Any CPU.ActiveCfg = AppStore|iPhone
		{99F2E774-2204-4914-A925-7B89C131DCCD}.AppStore|iPhone.ActiveCfg = AppStore|iPhone
		{99F2E774-2204-4914-A925-7B89C131DCCD}.AppStore|iPhone.Build.0 = AppStore|iPhone
		{99F2E774-2204-4914-A925-7B89C131DCCD}.AppStore|iPhoneSimulator.ActiveCfg = AppStore|iPhoneSimulator
		{99F2E774-2204-4914-A925-7B89C131DCCD}.AppStore|iPhoneSimulator.Build.0 = AppStore|iPhoneSimulator
		{99F2E774-2204-4914-A925-7B89C131DCCD}.Debug|Any CPU.ActiveCfg = Debug|iPhone
		{99F2E774-2204-4914-A925-7B89C131DCCD}.Debug|iPhone.ActiveCfg = Debug|iPhone
		{99F2E774-2204-4914-A925-7B89C131DCCD}.Debug|iPhone.Build.0 = Debug|iPhone
		{99F2E774-2204-4914-A925-7B89C131DCCD}.Debug|iPhoneSimulator.ActiveCfg = Debug|iPhoneSimulator
		{99F2E774-2204-4914-A925-7B89C131DCCD}.Debug|iPhoneSimulator.Build.0 = Debug|iPhoneSimulator
		{99F2E774-2204-4914-A925-7B89C131DCCD}.Release|Any CPU.ActiveCfg = Release|iPhone
		{99F2E774-2204-4914-A925-7B89C131DCCD}.Release|iPhone.ActiveCfg = Release|iPhone
		{99F2E774-2204-4914-A925-7B89C131DCCD}.Release|iPhone.Build.0 = Release|iPhone
		{99F2E774-2204-4914-A925-7B89C131DCCD}.Release|iPhoneSimulator.ActiveCfg = Release|iPhoneSimulator
		{99F2E774-2204-4914-A925-7B89C131DCCD}.Release|iPhoneSimulator.Build.0 = Release|iPhoneSimulator
	EndGlobalSection
	GlobalSection(SolutionProperties) = preSolution
		HideSolutionNode = FALSE
	EndGlobalSection
EndGlobal
